# Generated by pub
# See http://pub.dartlang.org/doc/glossary.html#lockfile
packages:
  bot:
    description:
      ref: null
      resolved-ref: "4f657e710d4e6c7c02025706d36c8d14978a814e"
      url: "https://github.com/kevmoo/bot.dart.git"
    source: git
    version: "0.27.0+2"
  browser:
    description: browser
    source: hosted
    version: "0.10.0+2"
